
Microsoft Visual Studio Solution File, Format Version 12.00
# Visual Studio Version 17
VisualStudioVersion = 17.9.34723.18
MinimumVisualStudioVersion = 10.0.40219.1
Project("{2150E333-8FDC-42A3-9474-1A3956D46DE8}") = "src", "src", "{7923EB71-2A62-4C17-96FF-D53EA50F4EB3}"
EndProject
Project("{2150E333-8FDC-42A3-9474-1A3956D46DE8}") = "bulding blocks", "bulding blocks", "{A73EC245-D296-49A5-BA62-AA201E93734E}"
EndProject
Project("{2150E333-8FDC-42A3-9474-1A3956D46DE8}") = "Leagues", "Leagues", "{91D16BE3-68D5-4B1A-98E4-3AFC26E6FC2F}"
EndProject
Project("{2150E333-8FDC-42A3-9474-1A3956D46DE8}") = "Teams", "Teams", "{03DC1E86-573D-4DCB-94EC-9E517779D5C7}"
EndProject
Project("{9A19103F-16F7-4668-BE54-9A1E7A4F7556}") = "BetPlacer.Teams.API", "src\services\BetPlacer.Teams.API\BetPlacer.Teams.API.csproj", "{DD83D828-D59B-4D21-85D4-00FCB28226C2}"
EndProject
Project("{9A19103F-16F7-4668-BE54-9A1E7A4F7556}") = "BetPlacer.Leagues.API", "src\services\BetPlacer.Leagues.API\BetPlacer.Leagues.API.csproj", "{03B84CA6-F0F8-4925-A817-A98F6FA24360}"
EndProject
Project("{2150E333-8FDC-42A3-9474-1A3956D46DE8}") = "Sync", "Sync", "{D5F0D7C2-BF69-4143-81B9-C60BDAD7F086}"
EndProject
Project("{9A19103F-16F7-4668-BE54-9A1E7A4F7556}") = "BetPlacer.Sync.API", "src\services\BetPlacer.Sync.API\BetPlacer.Sync.API.csproj", "{BB3014EB-AD56-48F3-8618-620A7FCF3D1B}"
EndProject
Project("{2150E333-8FDC-42A3-9474-1A3956D46DE8}") = "Fixtures", "Fixtures", "{89BA1D96-7AFF-42D2-99AB-1039ED3CD330}"
EndProject
Project("{9A19103F-16F7-4668-BE54-9A1E7A4F7556}") = "BetPlacer.Fixtures.API", "src\services\BetPlacer.Fixtures.API\BetPlacer.Fixtures.API.csproj", "{1E04DEA6-E2CE-4832-8EAA-58AC874CF4B2}"
EndProject
Project("{2150E333-8FDC-42A3-9474-1A3956D46DE8}") = "Backtest", "Backtest", "{001521B9-5580-4A57-B09E-474D9C01A652}"
EndProject
Project("{9A19103F-16F7-4668-BE54-9A1E7A4F7556}") = "BetPlacer.Backtest.API", "src\services\BetPlacer.Backtest.API\BetPlacer.Backtest.API.csproj", "{9265D9A0-F568-4A95-B4B1-7A4BF5341505}"
EndProject
Project("{2150E333-8FDC-42A3-9474-1A3956D46DE8}") = "Punter", "Punter", "{2CF21C22-386A-4015-94B9-9B1F6E80991A}"
EndProject
Project("{9A19103F-16F7-4668-BE54-9A1E7A4F7556}") = "BetPlacer.Punter.API", "src\services\BetPlacer.Punter.API\BetPlacer.Punter.API.csproj", "{D06EC668-C757-4342-8ABF-000B7AF186AC}"
EndProject
Project("{9A19103F-16F7-4668-BE54-9A1E7A4F7556}") = "BetPlacer.Core", "src\building_blocks\BetPlacer.Core\BetPlacer.Core.csproj", "{0F568674-0684-4234-90CE-A9924A5774EB}"
EndProject
Project("{9A19103F-16F7-4668-BE54-9A1E7A4F7556}") = "BetPlacer.Core.API", "src\building_blocks\BetPlacer.Core.API\BetPlacer.Core.API.csproj", "{4B71A569-6345-4013-BFBA-382749BD5814}"
EndProject
Project("{2150E333-8FDC-42A3-9474-1A3956D46DE8}") = "Telegram", "Telegram", "{94918289-2BD9-4B31-9370-AC90E0CB3983}"
EndProject
Project("{FAE04EC0-301F-11D3-BF4B-00C04F79EFBC}") = "BetPlacer.Telegram.API", "src\services\BetPlacer.Telegram.API\BetPlacer.Telegram.API.csproj", "{820596E4-3094-4081-8FE9-BB7A9B65E2A9}"
EndProject
Global
	GlobalSection(SolutionConfigurationPlatforms) = preSolution
		Debug|Any CPU = Debug|Any CPU
		Release|Any CPU = Release|Any CPU
	EndGlobalSection
	GlobalSection(ProjectConfigurationPlatforms) = postSolution
		{DD83D828-D59B-4D21-85D4-00FCB28226C2}.Debug|Any CPU.ActiveCfg = Debug|Any CPU
		{DD83D828-D59B-4D21-85D4-00FCB28226C2}.Debug|Any CPU.Build.0 = Debug|Any CPU
		{DD83D828-D59B-4D21-85D4-00FCB28226C2}.Release|Any CPU.ActiveCfg = Release|Any CPU
		{DD83D828-D59B-4D21-85D4-00FCB28226C2}.Release|Any CPU.Build.0 = Release|Any CPU
		{03B84CA6-F0F8-4925-A817-A98F6FA24360}.Debug|Any CPU.ActiveCfg = Debug|Any CPU
		{03B84CA6-F0F8-4925-A817-A98F6FA24360}.Debug|Any CPU.Build.0 = Debug|Any CPU
		{03B84CA6-F0F8-4925-A817-A98F6FA24360}.Release|Any CPU.ActiveCfg = Release|Any CPU
		{03B84CA6-F0F8-4925-A817-A98F6FA24360}.Release|Any CPU.Build.0 = Release|Any CPU
		{BB3014EB-AD56-48F3-8618-620A7FCF3D1B}.Debug|Any CPU.ActiveCfg = Debug|Any CPU
		{BB3014EB-AD56-48F3-8618-620A7FCF3D1B}.Debug|Any CPU.Build.0 = Debug|Any CPU
		{BB3014EB-AD56-48F3-8618-620A7FCF3D1B}.Release|Any CPU.ActiveCfg = Release|Any CPU
		{BB3014EB-AD56-48F3-8618-620A7FCF3D1B}.Release|Any CPU.Build.0 = Release|Any CPU
		{1E04DEA6-E2CE-4832-8EAA-58AC874CF4B2}.Debug|Any CPU.ActiveCfg = Debug|Any CPU
		{1E04DEA6-E2CE-4832-8EAA-58AC874CF4B2}.Debug|Any CPU.Build.0 = Debug|Any CPU
		{1E04DEA6-E2CE-4832-8EAA-58AC874CF4B2}.Release|Any CPU.ActiveCfg = Release|Any CPU
		{1E04DEA6-E2CE-4832-8EAA-58AC874CF4B2}.Release|Any CPU.Build.0 = Release|Any CPU
		{9265D9A0-F568-4A95-B4B1-7A4BF5341505}.Debug|Any CPU.ActiveCfg = Debug|Any CPU
		{9265D9A0-F568-4A95-B4B1-7A4BF5341505}.Debug|Any CPU.Build.0 = Debug|Any CPU
		{9265D9A0-F568-4A95-B4B1-7A4BF5341505}.Release|Any CPU.ActiveCfg = Release|Any CPU
		{9265D9A0-F568-4A95-B4B1-7A4BF5341505}.Release|Any CPU.Build.0 = Release|Any CPU
		{D06EC668-C757-4342-8ABF-000B7AF186AC}.Debug|Any CPU.ActiveCfg = Debug|Any CPU
		{D06EC668-C757-4342-8ABF-000B7AF186AC}.Debug|Any CPU.Build.0 = Debug|Any CPU
		{D06EC668-C757-4342-8ABF-000B7AF186AC}.Release|Any CPU.ActiveCfg = Release|Any CPU
		{D06EC668-C757-4342-8ABF-000B7AF186AC}.Release|Any CPU.Build.0 = Release|Any CPU
		{0F568674-0684-4234-90CE-A9924A5774EB}.Debug|Any CPU.ActiveCfg = Debug|Any CPU
		{0F568674-0684-4234-90CE-A9924A5774EB}.Debug|Any CPU.Build.0 = Debug|Any CPU
		{0F568674-0684-4234-90CE-A9924A5774EB}.Release|Any CPU.ActiveCfg = Release|Any CPU
		{0F568674-0684-4234-90CE-A9924A5774EB}.Release|Any CPU.Build.0 = Release|Any CPU
		{4B71A569-6345-4013-BFBA-382749BD5814}.Debug|Any CPU.ActiveCfg = Debug|Any CPU
		{4B71A569-6345-4013-BFBA-382749BD5814}.Debug|Any CPU.Build.0 = Debug|Any CPU
		{4B71A569-6345-4013-BFBA-382749BD5814}.Release|Any CPU.ActiveCfg = Release|Any CPU
		{4B71A569-6345-4013-BFBA-382749BD5814}.Release|Any CPU.Build.0 = Release|Any CPU
		{820596E4-3094-4081-8FE9-BB7A9B65E2A9}.Debug|Any CPU.ActiveCfg = Debug|Any CPU
		{820596E4-3094-4081-8FE9-BB7A9B65E2A9}.Debug|Any CPU.Build.0 = Debug|Any CPU
		{820596E4-3094-4081-8FE9-BB7A9B65E2A9}.Release|Any CPU.ActiveCfg = Release|Any CPU
		{820596E4-3094-4081-8FE9-BB7A9B65E2A9}.Release|Any CPU.Build.0 = Release|Any CPU
	EndGlobalSection
	GlobalSection(SolutionProperties) = preSolution
		HideSolutionNode = FALSE
	EndGlobalSection
	GlobalSection(NestedProjects) = preSolution
		{91D16BE3-68D5-4B1A-98E4-3AFC26E6FC2F} = {7923EB71-2A62-4C17-96FF-D53EA50F4EB3}
		{03DC1E86-573D-4DCB-94EC-9E517779D5C7} = {7923EB71-2A62-4C17-96FF-D53EA50F4EB3}
		{DD83D828-D59B-4D21-85D4-00FCB28226C2} = {03DC1E86-573D-4DCB-94EC-9E517779D5C7}
		{03B84CA6-F0F8-4925-A817-A98F6FA24360} = {91D16BE3-68D5-4B1A-98E4-3AFC26E6FC2F}
		{D5F0D7C2-BF69-4143-81B9-C60BDAD7F086} = {7923EB71-2A62-4C17-96FF-D53EA50F4EB3}
		{BB3014EB-AD56-48F3-8618-620A7FCF3D1B} = {D5F0D7C2-BF69-4143-81B9-C60BDAD7F086}
		{89BA1D96-7AFF-42D2-99AB-1039ED3CD330} = {7923EB71-2A62-4C17-96FF-D53EA50F4EB3}
		{1E04DEA6-E2CE-4832-8EAA-58AC874CF4B2} = {89BA1D96-7AFF-42D2-99AB-1039ED3CD330}
		{001521B9-5580-4A57-B09E-474D9C01A652} = {7923EB71-2A62-4C17-96FF-D53EA50F4EB3}
		{9265D9A0-F568-4A95-B4B1-7A4BF5341505} = {001521B9-5580-4A57-B09E-474D9C01A652}
		{2CF21C22-386A-4015-94B9-9B1F6E80991A} = {7923EB71-2A62-4C17-96FF-D53EA50F4EB3}
		{D06EC668-C757-4342-8ABF-000B7AF186AC} = {2CF21C22-386A-4015-94B9-9B1F6E80991A}
		{0F568674-0684-4234-90CE-A9924A5774EB} = {A73EC245-D296-49A5-BA62-AA201E93734E}
		{4B71A569-6345-4013-BFBA-382749BD5814} = {A73EC245-D296-49A5-BA62-AA201E93734E}
		{94918289-2BD9-4B31-9370-AC90E0CB3983} = {7923EB71-2A62-4C17-96FF-D53EA50F4EB3}
		{820596E4-3094-4081-8FE9-BB7A9B65E2A9} = {94918289-2BD9-4B31-9370-AC90E0CB3983}
	EndGlobalSection
	GlobalSection(ExtensibilityGlobals) = postSolution
		SolutionGuid = {6CD21AEF-04AF-438C-9F63-71F6131D5CED}
	EndGlobalSection
EndGlobal
