
Microsoft Visual Studio Solution File, Format Version 12.00
# Visual Studio Version 17
VisualStudioVersion = 17.9.34723.18
MinimumVisualStudioVersion = 10.0.40219.1
Project("{2150E333-8FDC-42A3-9474-1A3956D46DE8}") = "src", "src", "{7923EB71-2A62-4C17-96FF-D53EA50F4EB3}"
EndProject
Project("{2150E333-8FDC-42A3-9474-1A3956D46DE8}") = "bulding blocks", "bulding blocks", "{A73EC245-D296-49A5-BA62-AA201E93734E}"
EndProject
Project("{2150E333-8FDC-42A3-9474-1A3956D46DE8}") = "Leagues", "Leagues", "{91D16BE3-68D5-4B1A-98E4-3AFC26E6FC2F}"
EndProject
Project("{9A19103F-16F7-4668-BE54-9A1E7A4F7556}") = "BetPlacer.Core", "src\building blocks\BetPlacer.Core\BetPlacer.Core.csproj", "{0B2EA931-4439-49A8-8893-AB815FD713BD}"
EndProject
Project("{2150E333-8FDC-42A3-9474-1A3956D46DE8}") = "Teams", "Teams", "{03DC1E86-573D-4DCB-94EC-9E517779D5C7}"
EndProject
Project("{9A19103F-16F7-4668-BE54-9A1E7A4F7556}") = "BetPlacer.Teams.API", "src\services\BetPlacer.Teams.API\BetPlacer.Teams.API.csproj", "{DD83D828-D59B-4D21-85D4-00FCB28226C2}"
EndProject
Project("{9A19103F-16F7-4668-BE54-9A1E7A4F7556}") = "BetPlacer.Core.API", "src\building blocks\BetPlacer.Core.API\BetPlacer.Core.API.csproj", "{492C1D40-4E77-4886-9583-C405E52C3199}"
EndProject
Project("{9A19103F-16F7-4668-BE54-9A1E7A4F7556}") = "BetPlacer.Leagues.API", "src\services\BetPlacer.Leagues.API\BetPlacer.Leagues.API.csproj", "{03B84CA6-F0F8-4925-A817-A98F6FA24360}"
EndProject
Global
	GlobalSection(SolutionConfigurationPlatforms) = preSolution
		Debug|Any CPU = Debug|Any CPU
		Release|Any CPU = Release|Any CPU
	EndGlobalSection
	GlobalSection(ProjectConfigurationPlatforms) = postSolution
		{0B2EA931-4439-49A8-8893-AB815FD713BD}.Debug|Any CPU.ActiveCfg = Debug|Any CPU
		{0B2EA931-4439-49A8-8893-AB815FD713BD}.Debug|Any CPU.Build.0 = Debug|Any CPU
		{0B2EA931-4439-49A8-8893-AB815FD713BD}.Release|Any CPU.ActiveCfg = Release|Any CPU
		{0B2EA931-4439-49A8-8893-AB815FD713BD}.Release|Any CPU.Build.0 = Release|Any CPU
		{DD83D828-D59B-4D21-85D4-00FCB28226C2}.Debug|Any CPU.ActiveCfg = Debug|Any CPU
		{DD83D828-D59B-4D21-85D4-00FCB28226C2}.Debug|Any CPU.Build.0 = Debug|Any CPU
		{DD83D828-D59B-4D21-85D4-00FCB28226C2}.Release|Any CPU.ActiveCfg = Release|Any CPU
		{DD83D828-D59B-4D21-85D4-00FCB28226C2}.Release|Any CPU.Build.0 = Release|Any CPU
		{492C1D40-4E77-4886-9583-C405E52C3199}.Debug|Any CPU.ActiveCfg = Debug|Any CPU
		{492C1D40-4E77-4886-9583-C405E52C3199}.Debug|Any CPU.Build.0 = Debug|Any CPU
		{492C1D40-4E77-4886-9583-C405E52C3199}.Release|Any CPU.ActiveCfg = Release|Any CPU
		{492C1D40-4E77-4886-9583-C405E52C3199}.Release|Any CPU.Build.0 = Release|Any CPU
		{03B84CA6-F0F8-4925-A817-A98F6FA24360}.Debug|Any CPU.ActiveCfg = Debug|Any CPU
		{03B84CA6-F0F8-4925-A817-A98F6FA24360}.Debug|Any CPU.Build.0 = Debug|Any CPU
		{03B84CA6-F0F8-4925-A817-A98F6FA24360}.Release|Any CPU.ActiveCfg = Release|Any CPU
		{03B84CA6-F0F8-4925-A817-A98F6FA24360}.Release|Any CPU.Build.0 = Release|Any CPU
	EndGlobalSection
	GlobalSection(SolutionProperties) = preSolution
		HideSolutionNode = FALSE
	EndGlobalSection
	GlobalSection(NestedProjects) = preSolution
		{91D16BE3-68D5-4B1A-98E4-3AFC26E6FC2F} = {7923EB71-2A62-4C17-96FF-D53EA50F4EB3}
		{0B2EA931-4439-49A8-8893-AB815FD713BD} = {A73EC245-D296-49A5-BA62-AA201E93734E}
		{03DC1E86-573D-4DCB-94EC-9E517779D5C7} = {7923EB71-2A62-4C17-96FF-D53EA50F4EB3}
		{DD83D828-D59B-4D21-85D4-00FCB28226C2} = {03DC1E86-573D-4DCB-94EC-9E517779D5C7}
		{492C1D40-4E77-4886-9583-C405E52C3199} = {A73EC245-D296-49A5-BA62-AA201E93734E}
		{03B84CA6-F0F8-4925-A817-A98F6FA24360} = {91D16BE3-68D5-4B1A-98E4-3AFC26E6FC2F}
	EndGlobalSection
	GlobalSection(ExtensibilityGlobals) = postSolution
		SolutionGuid = {6CD21AEF-04AF-438C-9F63-71F6131D5CED}
	EndGlobalSection
EndGlobal
